
Microsoft Visual Studio Solution File, Format Version 12.00
# Visual Studio Version 16
VisualStudioVersion = 16.0.30413.136
MinimumVisualStudioVersion = 10.0.40219.1
Project("{FAE04EC0-301F-11D3-BF4B-00C04F79EFBC}") = "Sender", "Sender\Sender.csproj", "{BD0FBD98-0261-4A6D-AD64-07B55A631D9E}"
EndProject
Project("{FAE04EC0-301F-11D3-BF4B-00C04F79EFBC}") = "Sender_UnitTest", "Sender_UnitTest\Sender_UnitTest.csproj", "{73BBF341-633F-4EDF-BC56-0E6486AB136C}"
EndProject
Global
	GlobalSection(SolutionConfigurationPlatforms) = preSolution
		Debug|Any CPU = Debug|Any CPU
		Release|Any CPU = Release|Any CPU
	EndGlobalSection
	GlobalSection(ProjectConfigurationPlatforms) = postSolution
		{BD0FBD98-0261-4A6D-AD64-07B55A631D9E}.Debug|Any CPU.ActiveCfg = Debug|Any CPU
		{BD0FBD98-0261-4A6D-AD64-07B55A631D9E}.Debug|Any CPU.Build.0 = Debug|Any CPU
		{BD0FBD98-0261-4A6D-AD64-07B55A631D9E}.Release|Any CPU.ActiveCfg = Release|Any CPU
		{BD0FBD98-0261-4A6D-AD64-07B55A631D9E}.Release|Any CPU.Build.0 = Release|Any CPU
		{73BBF341-633F-4EDF-BC56-0E6486AB136C}.Debug|Any CPU.ActiveCfg = Debug|Any CPU
		{73BBF341-633F-4EDF-BC56-0E6486AB136C}.Debug|Any CPU.Build.0 = Debug|Any CPU
		{73BBF341-633F-4EDF-BC56-0E6486AB136C}.Release|Any CPU.ActiveCfg = Release|Any CPU
		{73BBF341-633F-4EDF-BC56-0E6486AB136C}.Release|Any CPU.Build.0 = Release|Any CPU
	EndGlobalSection
	GlobalSection(SolutionProperties) = preSolution
		HideSolutionNode = FALSE
	EndGlobalSection
	GlobalSection(ExtensibilityGlobals) = postSolution
		SolutionGuid = {7679D597-81DB-4D59-85AF-E43E33795C7C}
	EndGlobalSection
EndGlobal
